
Microsoft Visual Studio Solution File, Format Version 12.00
# Visual Studio Version 16
VisualStudioVersion = 16.0.29123.88
MinimumVisualStudioVersion = 10.0.40219.1
Project("{FAE04EC0-301F-11D3-BF4B-00C04F79EFBC}") = "reCloud", "reCloud\reCloud.csproj", "{821A15CB-C600-45A4-9519-E8AD2C2E9C13}"
EndProject
Global
	GlobalSection(SolutionConfigurationPlatforms) = preSolution
		Debug|Any CPU = Debug|Any CPU
		Release|Any CPU = Release|Any CPU
	EndGlobalSection
	GlobalSection(ProjectConfigurationPlatforms) = postSolution
		{821A15CB-C600-45A4-9519-E8AD2C2E9C13}.Debug|Any CPU.ActiveCfg = Debug|Any CPU
		{821A15CB-C600-45A4-9519-E8AD2C2E9C13}.Debug|Any CPU.Build.0 = Debug|Any CPU
		{821A15CB-C600-45A4-9519-E8AD2C2E9C13}.Release|Any CPU.ActiveCfg = Release|Any CPU
		{821A15CB-C600-45A4-9519-E8AD2C2E9C13}.Release|Any CPU.Build.0 = Release|Any CPU
	EndGlobalSection
	GlobalSection(SolutionProperties) = preSolution
		HideSolutionNode = FALSE
	EndGlobalSection
	GlobalSection(ExtensibilityGlobals) = postSolution
		SolutionGuid = {7E857E7B-577C-4E07-974E-2AB4D22904C5}
	EndGlobalSection
EndGlobal
